// !$*UTF8*$!
{
	archiveVersion = 1;
	classes = {
	};
	objectVersion = 55;
	objects = {

/* Begin PBXBuildFile section */
		AC72941F291E8C0B0087E5E2 /* AppDelegate.swift in Sources */ = {isa = PBXBuildFile; fileRef = AC72941E291E8C0B0087E5E2 /* AppDelegate.swift */; };
		AC729421291E8C0B0087E5E2 /* SceneDelegate.swift in Sources */ = {isa = PBXBuildFile; fileRef = AC729420291E8C0B0087E5E2 /* SceneDelegate.swift */; };
		AC729423291E8C0B0087E5E2 /* ViewController.swift in Sources */ = {isa = PBXBuildFile; fileRef = AC729422291E8C0B0087E5E2 /* ViewController.swift */; };
		AC729426291E8C0B0087E5E2 /* Main.storyboard in Resources */ = {isa = PBXBuildFile; fileRef = AC729424291E8C0B0087E5E2 /* Main.storyboard */; };
		AC729428291E8C130087E5E2 /* Assets.xcassets in Resources */ = {isa = PBXBuildFile; fileRef = AC729427291E8C130087E5E2 /* Assets.xcassets */; };
		AC72942B291E8C130087E5E2 /* LaunchScreen.storyboard in Resources */ = {isa = PBXBuildFile; fileRef = AC729429291E8C130087E5E2 /* LaunchScreen.storyboard */; };
		AC72943C291E9E330087E5E2 /* NetworkWeatherManager.swift in Sources */ = {isa = PBXBuildFile; fileRef = AC72943B291E9E330087E5E2 /* NetworkWeatherManager.swift */; };
		AC729440291EBB250087E5E2 /* CurrentWeather.swift in Sources */ = {isa = PBXBuildFile; fileRef = AC72943F291EBB240087E5E2 /* CurrentWeather.swift */; };
		AC729442291EBB680087E5E2 /* CurrentWeatherData.swift in Sources */ = {isa = PBXBuildFile; fileRef = AC729441291EBB680087E5E2 /* CurrentWeatherData.swift */; };
		AC729444291EBD7E0087E5E2 /* VC + alertController.swift in Sources */ = {isa = PBXBuildFile; fileRef = AC729443291EBD7E0087E5E2 /* VC + alertController.swift */; };
		AC729446291ED0CE0087E5E2 /* API.swift in Sources */ = {isa = PBXBuildFile; fileRef = AC729445291ED0CE0087E5E2 /* API.swift */; };
/* End PBXBuildFile section */

/* Begin PBXFileReference section */
		AC72941B291E8C0B0087E5E2 /* Weather.app */ = {isa = PBXFileReference; explicitFileType = wrapper.application; includeInIndex = 0; path = Weather.app; sourceTree = BUILT_PRODUCTS_DIR; };
		AC72941E291E8C0B0087E5E2 /* AppDelegate.swift */ = {isa = PBXFileReference; lastKnownFileType = sourcecode.swift; path = AppDelegate.swift; sourceTree = "<group>"; };
		AC729420291E8C0B0087E5E2 /* SceneDelegate.swift */ = {isa = PBXFileReference; lastKnownFileType = sourcecode.swift; path = SceneDelegate.swift; sourceTree = "<group>"; };
		AC729422291E8C0B0087E5E2 /* ViewController.swift */ = {isa = PBXFileReference; lastKnownFileType = sourcecode.swift; path = ViewController.swift; sourceTree = "<group>"; };
		AC729425291E8C0B0087E5E2 /* Base */ = {isa = PBXFileReference; lastKnownFileType = file.storyboard; name = Base; path = Base.lproj/Main.storyboard; sourceTree = "<group>"; };
		AC729427291E8C130087E5E2 /* Assets.xcassets */ = {isa = PBXFileReference; lastKnownFileType = folder.assetcatalog; path = Assets.xcassets; sourceTree = "<group>"; };
		AC72942A291E8C130087E5E2 /* Base */ = {isa = PBXFileReference; lastKnownFileType = file.storyboard; name = Base; path = Base.lproj/LaunchScreen.storyboard; sourceTree = "<group>"; };
		AC72942C291E8C130087E5E2 /* Info.plist */ = {isa = PBXFileReference; lastKnownFileType = text.plist.xml; path = Info.plist; sourceTree = "<group>"; };
		AC72943B291E9E330087E5E2 /* NetworkWeatherManager.swift */ = {isa = PBXFileReference; lastKnownFileType = sourcecode.swift; path = NetworkWeatherManager.swift; sourceTree = "<group>"; };
		AC72943F291EBB240087E5E2 /* CurrentWeather.swift */ = {isa = PBXFileReference; lastKnownFileType = sourcecode.swift; path = CurrentWeather.swift; sourceTree = "<group>"; };
		AC729441291EBB680087E5E2 /* CurrentWeatherData.swift */ = {isa = PBXFileReference; lastKnownFileType = sourcecode.swift; path = CurrentWeatherData.swift; sourceTree = "<group>"; };
		AC729443291EBD7E0087E5E2 /* VC + alertController.swift */ = {isa = PBXFileReference; lastKnownFileType = sourcecode.swift; path = "VC + alertController.swift"; sourceTree = "<group>"; };
		AC729445291ED0CE0087E5E2 /* API.swift */ = {isa = PBXFileReference; lastKnownFileType = sourcecode.swift; path = API.swift; sourceTree = "<group>"; };
/* End PBXFileReference section */

/* Begin PBXFrameworksBuildPhase section */
		AC729418291E8C0B0087E5E2 /* Frameworks */ = {
			isa = PBXFrameworksBuildPhase;
			buildActionMask = 2147483647;
			files = (
			);
			runOnlyForDeploymentPostprocessing = 0;
		};
/* End PBXFrameworksBuildPhase section */

/* Begin PBXGroup section */
		AC729412291E8C0B0087E5E2 = {
			isa = PBXGroup;
			children = (
				AC72941D291E8C0B0087E5E2 /* Weather */,
				AC72941C291E8C0B0087E5E2 /* Products */,
			);
			sourceTree = "<group>";
		};
		AC72941C291E8C0B0087E5E2 /* Products */ = {
			isa = PBXGroup;
			children = (
				AC72941B291E8C0B0087E5E2 /* Weather.app */,
			);
			name = Products;
			sourceTree = "<group>";
		};
		AC72941D291E8C0B0087E5E2 /* Weather */ = {
			isa = PBXGroup;
			children = (
				AC729438291E8F1C0087E5E2 /* Extensions */,
				AC729435291E8EAA0087E5E2 /* Views */,
				AC729434291E8EA70087E5E2 /* Models */,
				AC729439291E8F2E0087E5E2 /* View Controllers */,
				AC72943A291E8F3D0087E5E2 /* Supporting Files */,
				AC729427291E8C130087E5E2 /* Assets.xcassets */,
				AC72942C291E8C130087E5E2 /* Info.plist */,
			);
			path = Weather;
			sourceTree = "<group>";
		};
		AC729434291E8EA70087E5E2 /* Models */ = {
			isa = PBXGroup;
			children = (
				AC72943B291E9E330087E5E2 /* NetworkWeatherManager.swift */,
				AC729445291ED0CE0087E5E2 /* API.swift */,
				AC72943F291EBB240087E5E2 /* CurrentWeather.swift */,
				AC729441291EBB680087E5E2 /* CurrentWeatherData.swift */,
			);
			path = Models;
			sourceTree = "<group>";
		};
		AC729435291E8EAA0087E5E2 /* Views */ = {
			isa = PBXGroup;
			children = (
				AC729424291E8C0B0087E5E2 /* Main.storyboard */,
				AC729429291E8C130087E5E2 /* LaunchScreen.storyboard */,
			);
			path = Views;
			sourceTree = "<group>";
		};
		AC729438291E8F1C0087E5E2 /* Extensions */ = {
			isa = PBXGroup;
			children = (
				AC729443291EBD7E0087E5E2 /* VC + alertController.swift */,
			);
			path = Extensions;
			sourceTree = "<group>";
		};
		AC729439291E8F2E0087E5E2 /* View Controllers */ = {
			isa = PBXGroup;
			children = (
				AC729422291E8C0B0087E5E2 /* ViewController.swift */,
			);
			path = "View Controllers";
			sourceTree = "<group>";
		};
		AC72943A291E8F3D0087E5E2 /* Supporting Files */ = {
			isa = PBXGroup;
			children = (
				AC72941E291E8C0B0087E5E2 /* AppDelegate.swift */,
				AC729420291E8C0B0087E5E2 /* SceneDelegate.swift */,
			);
			path = "Supporting Files";
			sourceTree = "<group>";
		};
/* End PBXGroup section */

/* Begin PBXNativeTarget section */
		AC72941A291E8C0B0087E5E2 /* Weather */ = {
			isa = PBXNativeTarget;
			buildConfigurationList = AC72942F291E8C130087E5E2 /* Build configuration list for PBXNativeTarget "Weather" */;
			buildPhases = (
				AC729417291E8C0B0087E5E2 /* Sources */,
				AC729418291E8C0B0087E5E2 /* Frameworks */,
				AC729419291E8C0B0087E5E2 /* Resources */,
			);
			buildRules = (
			);
			dependencies = (
			);
			name = Weather;
			productName = Weather;
			productReference = AC72941B291E8C0B0087E5E2 /* Weather.app */;
			productType = "com.apple.product-type.application";
		};
/* End PBXNativeTarget section */

/* Begin PBXProject section */
		AC729413291E8C0B0087E5E2 /* Project object */ = {
			isa = PBXProject;
			attributes = {
				BuildIndependentTargetsInParallel = 1;
				LastSwiftUpdateCheck = 1320;
				LastUpgradeCheck = 1320;
				TargetAttributes = {
					AC72941A291E8C0B0087E5E2 = {
						CreatedOnToolsVersion = 13.2.1;
					};
				};
			};
			buildConfigurationList = AC729416291E8C0B0087E5E2 /* Build configuration list for PBXProject "Weather" */;
			compatibilityVersion = "Xcode 13.0";
			developmentRegion = en;
			hasScannedForEncodings = 0;
			knownRegions = (
				en,
				Base,
			);
			mainGroup = AC729412291E8C0B0087E5E2;
			productRefGroup = AC72941C291E8C0B0087E5E2 /* Products */;
			projectDirPath = "";
			projectRoot = "";
			targets = (
				AC72941A291E8C0B0087E5E2 /* Weather */,
			);
		};
/* End PBXProject section */

/* Begin PBXResourcesBuildPhase section */
		AC729419291E8C0B0087E5E2 /* Resources */ = {
			isa = PBXResourcesBuildPhase;
			buildActionMask = 2147483647;
			files = (
				AC72942B291E8C130087E5E2 /* LaunchScreen.storyboard in Resources */,
				AC729428291E8C130087E5E2 /* Assets.xcassets in Resources */,
				AC729426291E8C0B0087E5E2 /* Main.storyboard in Resources */,
			);
			runOnlyForDeploymentPostprocessing = 0;
		};
/* End PBXResourcesBuildPhase section */

/* Begin PBXSourcesBuildPhase section */
		AC729417291E8C0B0087E5E2 /* Sources */ = {
			isa = PBXSourcesBuildPhase;
			buildActionMask = 2147483647;
			files = (
				AC729423291E8C0B0087E5E2 /* ViewController.swift in Sources */,
				AC72941F291E8C0B0087E5E2 /* AppDelegate.swift in Sources */,
				AC729421291E8C0B0087E5E2 /* SceneDelegate.swift in Sources */,
				AC729440291EBB250087E5E2 /* CurrentWeather.swift in Sources */,
				AC729444291EBD7E0087E5E2 /* VC + alertController.swift in Sources */,
				AC729442291EBB680087E5E2 /* CurrentWeatherData.swift in Sources */,
				AC729446291ED0CE0087E5E2 /* API.swift in Sources */,
				AC72943C291E9E330087E5E2 /* NetworkWeatherManager.swift in Sources */,
			);
			runOnlyForDeploymentPostprocessing = 0;
		};
/* End PBXSourcesBuildPhase section */

/* Begin PBXVariantGroup section */
		AC729424291E8C0B0087E5E2 /* Main.storyboard */ = {
			isa = PBXVariantGroup;
			children = (
				AC729425291E8C0B0087E5E2 /* Base */,
			);
			name = Main.storyboard;
			sourceTree = "<group>";
		};
		AC729429291E8C130087E5E2 /* LaunchScreen.storyboard */ = {
			isa = PBXVariantGroup;
			children = (
				AC72942A291E8C130087E5E2 /* Base */,
			);
			name = LaunchScreen.storyboard;
			sourceTree = "<group>";
		};
/* End PBXVariantGroup section */

/* Begin XCBuildConfiguration section */
		AC72942D291E8C130087E5E2 /* Debug */ = {
			isa = XCBuildConfiguration;
			buildSettings = {
				ALWAYS_SEARCH_USER_PATHS = NO;
				CLANG_ANALYZER_NONNULL = YES;
				CLANG_ANALYZER_NUMBER_OBJECT_CONVERSION = YES_AGGRESSIVE;
				CLANG_CXX_LANGUAGE_STANDARD = "gnu++17";
				CLANG_CXX_LIBRARY = "libc++";
				CLANG_ENABLE_MODULES = YES;
				CLANG_ENABLE_OBJC_ARC = YES;
				CLANG_ENABLE_OBJC_WEAK = YES;
				CLANG_WARN_BLOCK_CAPTURE_AUTORELEASING = YES;
				CLANG_WARN_BOOL_CONVERSION = YES;
				CLANG_WARN_COMMA = YES;
				CLANG_WARN_CONSTANT_CONVERSION = YES;
				CLANG_WARN_DEPRECATED_OBJC_IMPLEMENTATIONS = YES;
				CLANG_WARN_DIRECT_OBJC_ISA_USAGE = YES_ERROR;
				CLANG_WARN_DOCUMENTATION_COMMENTS = YES;
				CLANG_WARN_EMPTY_BODY = YES;
				CLANG_WARN_ENUM_CONVERSION = YES;
				CLANG_WARN_INFINITE_RECURSION = YES;
				CLANG_WARN_INT_CONVERSION = YES;
				CLANG_WARN_NON_LITERAL_NULL_CONVERSION = YES;
				CLANG_WARN_OBJC_IMPLICIT_RETAIN_SELF = YES;
				CLANG_WARN_OBJC_LITERAL_CONVERSION = YES;
				CLANG_WARN_OBJC_ROOT_CLASS = YES_ERROR;
				CLANG_WARN_QUOTED_INCLUDE_IN_FRAMEWORK_HEADER = YES;
				CLANG_WARN_RANGE_LOOP_ANALYSIS = YES;
				CLANG_WARN_STRICT_PROTOTYPES = YES;
				CLANG_WARN_SUSPICIOUS_MOVE = YES;
				CLANG_WARN_UNGUARDED_AVAILABILITY = YES_AGGRESSIVE;
				CLANG_WARN_UNREACHABLE_CODE = YES;
				CLANG_WARN__DUPLICATE_METHOD_MATCH = YES;
				COPY_PHASE_STRIP = NO;
				DEBUG_INFORMATION_FORMAT = dwarf;
				ENABLE_STRICT_OBJC_MSGSEND = YES;
				ENABLE_TESTABILITY = YES;
				GCC_C_LANGUAGE_STANDARD = gnu11;
				GCC_DYNAMIC_NO_PIC = NO;
				GCC_NO_COMMON_BLOCKS = YES;
				GCC_OPTIMIZATION_LEVEL = 0;
				GCC_PREPROCESSOR_DEFINITIONS = (
					"DEBUG=1",
					"$(inherited)",
				);
				GCC_WARN_64_TO_32_BIT_CONVERSION = YES;
				GCC_WARN_ABOUT_RETURN_TYPE = YES_ERROR;
				GCC_WARN_UNDECLARED_SELECTOR = YES;
				GCC_WARN_UNINITIALIZED_AUTOS = YES_AGGRESSIVE;
				GCC_WARN_UNUSED_FUNCTION = YES;
				GCC_WARN_UNUSED_VARIABLE = YES;
				IPHONEOS_DEPLOYMENT_TARGET = 15.2;
				MTL_ENABLE_DEBUG_INFO = INCLUDE_SOURCE;
				MTL_FAST_MATH = YES;
				ONLY_ACTIVE_ARCH = YES;
				SDKROOT = iphoneos;
				SWIFT_ACTIVE_COMPILATION_CONDITIONS = DEBUG;
				SWIFT_OPTIMIZATION_LEVEL = "-Onone";
			};
			name = Debug;
		};
		AC72942E291E8C130087E5E2 /* Release */ = {
			isa = XCBuildConfiguration;
			buildSettings = {
				ALWAYS_SEARCH_USER_PATHS = NO;
				CLANG_ANALYZER_NONNULL = YES;
				CLANG_ANALYZER_NUMBER_OBJECT_CONVERSION = YES_AGGRESSIVE;
				CLANG_CXX_LANGUAGE_STANDARD = "gnu++17";
				CLANG_CXX_LIBRARY = "libc++";
				CLANG_ENABLE_MODULES = YES;
				CLANG_ENABLE_OBJC_ARC = YES;
				CLANG_ENABLE_OBJC_WEAK = YES;
				CLANG_WARN_BLOCK_CAPTURE_AUTORELEASING = YES;
				CLANG_WARN_BOOL_CONVERSION = YES;
				CLANG_WARN_COMMA = YES;
				CLANG_WARN_CONSTANT_CONVERSION = YES;
				CLANG_WARN_DEPRECATED_OBJC_IMPLEMENTATIONS = YES;
				CLANG_WARN_DIRECT_OBJC_ISA_USAGE = YES_ERROR;
				CLANG_WARN_DOCUMENTATION_COMMENTS = YES;
				CLANG_WARN_EMPTY_BODY = YES;
				CLANG_WARN_ENUM_CONVERSION = YES;
				CLANG_WARN_INFINITE_RECURSION = YES;
				CLANG_WARN_INT_CONVERSION = YES;
				CLANG_WARN_NON_LITERAL_NULL_CONVERSION = YES;
				CLANG_WARN_OBJC_IMPLICIT_RETAIN_SELF = YES;
				CLANG_WARN_OBJC_LITERAL_CONVERSION = YES;
				CLANG_WARN_OBJC_ROOT_CLASS = YES_ERROR;
				CLANG_WARN_QUOTED_INCLUDE_IN_FRAMEWORK_HEADER = YES;
				CLANG_WARN_RANGE_LOOP_ANALYSIS = YES;
				CLANG_WARN_STRICT_PROTOTYPES = YES;
				CLANG_WARN_SUSPICIOUS_MOVE = YES;
				CLANG_WARN_UNGUARDED_AVAILABILITY = YES_AGGRESSIVE;
				CLANG_WARN_UNREACHABLE_CODE = YES;
				CLANG_WARN__DUPLICATE_METHOD_MATCH = YES;
				COPY_PHASE_STRIP = NO;
				DEBUG_INFORMATION_FORMAT = "dwarf-with-dsym";
				ENABLE_NS_ASSERTIONS = NO;
				ENABLE_STRICT_OBJC_MSGSEND = YES;
				GCC_C_LANGUAGE_STANDARD = gnu11;
				GCC_NO_COMMON_BLOCKS = YES;
				GCC_WARN_64_TO_32_BIT_CONVERSION = YES;
				GCC_WARN_ABOUT_RETURN_TYPE = YES_ERROR;
				GCC_WARN_UNDECLARED_SELECTOR = YES;
				GCC_WARN_UNINITIALIZED_AUTOS = YES_AGGRESSIVE;
				GCC_WARN_UNUSED_FUNCTION = YES;
				GCC_WARN_UNUSED_VARIABLE = YES;
				IPHONEOS_DEPLOYMENT_TARGET = 15.2;
				MTL_ENABLE_DEBUG_INFO = NO;
				MTL_FAST_MATH = YES;
				SDKROOT = iphoneos;
				SWIFT_COMPILATION_MODE = wholemodule;
				SWIFT_OPTIMIZATION_LEVEL = "-O";
				VALIDATE_PRODUCT = YES;
			};
			name = Release;
		};
		AC729430291E8C130087E5E2 /* Debug */ = {
			isa = XCBuildConfiguration;
			buildSettings = {
				ASSETCATALOG_COMPILER_APPICON_NAME = AppIcon;
				ASSETCATALOG_COMPILER_GLOBAL_ACCENT_COLOR_NAME = AccentColor;
				CODE_SIGN_STYLE = Automatic;
				CURRENT_PROJECT_VERSION = 1;
				GENERATE_INFOPLIST_FILE = YES;
				INFOPLIST_FILE = Weather/Info.plist;
				INFOPLIST_KEY_UIApplicationSupportsIndirectInputEvents = YES;
				INFOPLIST_KEY_UILaunchStoryboardName = LaunchScreen;
				INFOPLIST_KEY_UIMainStoryboardFile = Main;
				INFOPLIST_KEY_UISupportedInterfaceOrientations_iPad = "UIInterfaceOrientationPortrait UIInterfaceOrientationPortraitUpsideDown UIInterfaceOrientationLandscapeLeft UIInterfaceOrientationLandscapeRight";
				INFOPLIST_KEY_UISupportedInterfaceOrientations_iPhone = "UIInterfaceOrientationPortrait UIInterfaceOrientationLandscapeLeft UIInterfaceOrientationLandscapeRight";
				LD_RUNPATH_SEARCH_PATHS = (
					"$(inherited)",
					"@executable_path/Frameworks",
				);
				MARKETING_VERSION = 1.0;
				PRODUCT_BUNDLE_IDENTIFIER = artem.artem.Weather;
				PRODUCT_NAME = "$(TARGET_NAME)";
				SWIFT_EMIT_LOC_STRINGS = YES;
				SWIFT_VERSION = 5.0;
				TARGETED_DEVICE_FAMILY = "1,2";
			};
			name = Debug;
		};
		AC729431291E8C130087E5E2 /* Release */ = {
			isa = XCBuildConfiguration;
			buildSettings = {
				ASSETCATALOG_COMPILER_APPICON_NAME = AppIcon;
				ASSETCATALOG_COMPILER_GLOBAL_ACCENT_COLOR_NAME = AccentColor;
				CODE_SIGN_STYLE = Automatic;
				CURRENT_PROJECT_VERSION = 1;
				GENERATE_INFOPLIST_FILE = YES;
				INFOPLIST_FILE = Weather/Info.plist;
				INFOPLIST_KEY_UIApplicationSupportsIndirectInputEvents = YES;
				INFOPLIST_KEY_UILaunchStoryboardName = LaunchScreen;
				INFOPLIST_KEY_UIMainStoryboardFile = Main;
				INFOPLIST_KEY_UISupportedInterfaceOrientations_iPad = "UIInterfaceOrientationPortrait UIInterfaceOrientationPortraitUpsideDown UIInterfaceOrientationLandscapeLeft UIInterfaceOrientationLandscapeRight";
				INFOPLIST_KEY_UISupportedInterfaceOrientations_iPhone = "UIInterfaceOrientationPortrait UIInterfaceOrientationLandscapeLeft UIInterfaceOrientationLandscapeRight";
				LD_RUNPATH_SEARCH_PATHS = (
					"$(inherited)",
					"@executable_path/Frameworks",
				);
				MARKETING_VERSION = 1.0;
				PRODUCT_BUNDLE_IDENTIFIER = artem.artem.Weather;
				PRODUCT_NAME = "$(TARGET_NAME)";
				SWIFT_EMIT_LOC_STRINGS = YES;
				SWIFT_VERSION = 5.0;
				TARGETED_DEVICE_FAMILY = "1,2";
			};
			name = Release;
		};
/* End XCBuildConfiguration section */

/* Begin XCConfigurationList section */
		AC729416291E8C0B0087E5E2 /* Build configuration list for PBXProject "Weather" */ = {
			isa = XCConfigurationList;
			buildConfigurations = (
				AC72942D291E8C130087E5E2 /* Debug */,
				AC72942E291E8C130087E5E2 /* Release */,
			);
			defaultConfigurationIsVisible = 0;
			defaultConfigurationName = Release;
		};
		AC72942F291E8C130087E5E2 /* Build configuration list for PBXNativeTarget "Weather" */ = {
			isa = XCConfigurationList;
			buildConfigurations = (
				AC729430291E8C130087E5E2 /* Debug */,
				AC729431291E8C130087E5E2 /* Release */,
			);
			defaultConfigurationIsVisible = 0;
			defaultConfigurationName = Release;
		};
/* End XCConfigurationList section */
	};
	rootObject = AC729413291E8C0B0087E5E2 /* Project object */;
}
