// !$*UTF8*$!
{
	archiveVersion = 1;
	classes = {
	};
	objectVersion = 55;
	objects = {

/* Begin PBXBuildFile section */
		AC061486291992400076B535 /* FeedCellLayoutCalculator.swift in Sources */ = {isa = PBXBuildFile; fileRef = AC061485291992400076B535 /* FeedCellLayoutCalculator.swift */; };
		AC0614882919A4740076B535 /* StringExtension.swift in Sources */ = {isa = PBXBuildFile; fileRef = AC0614872919A4730076B535 /* StringExtension.swift */; };
		AC06148C291A904B0076B535 /* FeedCodeTableViewCell.swift in Sources */ = {isa = PBXBuildFile; fileRef = AC06148B291A904B0076B535 /* FeedCodeTableViewCell.swift */; };
		AC06148E291A97800076B535 /* Constraints.swift in Sources */ = {isa = PBXBuildFile; fileRef = AC06148D291A97800076B535 /* Constraints.swift */; };
		AC061490291A9E540076B535 /* Constants.swift in Sources */ = {isa = PBXBuildFile; fileRef = AC06148F291A9E540076B535 /* Constants.swift */; };
		AC14D2E92916C9D400C04D3C /* AppDelegate.swift in Sources */ = {isa = PBXBuildFile; fileRef = AC14D2E82916C9D400C04D3C /* AppDelegate.swift */; };
		AC14D2EB2916C9D400C04D3C /* SceneDelegate.swift in Sources */ = {isa = PBXBuildFile; fileRef = AC14D2EA2916C9D400C04D3C /* SceneDelegate.swift */; };
		AC14D2ED2916C9D400C04D3C /* AuthViewController.swift in Sources */ = {isa = PBXBuildFile; fileRef = AC14D2EC2916C9D400C04D3C /* AuthViewController.swift */; };
		AC14D2F22916C9DA00C04D3C /* Assets.xcassets in Resources */ = {isa = PBXBuildFile; fileRef = AC14D2F12916C9DA00C04D3C /* Assets.xcassets */; };
		AC14D2F52916C9DA00C04D3C /* LaunchScreen.storyboard in Resources */ = {isa = PBXBuildFile; fileRef = AC14D2F32916C9DA00C04D3C /* LaunchScreen.storyboard */; };
		AC4C42672917071000E4036B /* VKSdkFramework.xcframework in Frameworks */ = {isa = PBXBuildFile; fileRef = AC4C42662917071000E4036B /* VKSdkFramework.xcframework */; };
		AC4C42682917071100E4036B /* VKSdkFramework.xcframework in Embed Frameworks */ = {isa = PBXBuildFile; fileRef = AC4C42662917071000E4036B /* VKSdkFramework.xcframework */; settings = {ATTRIBUTES = (CodeSignOnCopy, RemoveHeadersOnCopy, ); }; };
		AC4C426B29170AE500E4036B /* AuthService.swift in Sources */ = {isa = PBXBuildFile; fileRef = AC4C426A29170AE500E4036B /* AuthService.swift */; };
		AC4C426D29170DDE00E4036B /* AuthVC.storyboard in Resources */ = {isa = PBXBuildFile; fileRef = AC4C426C29170DDE00E4036B /* AuthVC.storyboard */; };
		AC4C42722918058000E4036B /* FeedViewController.swift in Sources */ = {isa = PBXBuildFile; fileRef = AC4C42712918058000E4036B /* FeedViewController.swift */; };
		AC4C4274291805A400E4036B /* FeedVC.storyboard in Resources */ = {isa = PBXBuildFile; fileRef = AC4C4273291805A400E4036B /* FeedVC.storyboard */; };
		AC4C42762918106100E4036B /* NetworkService.swift in Sources */ = {isa = PBXBuildFile; fileRef = AC4C42752918106000E4036B /* NetworkService.swift */; };
		AC4C42782918111700E4036B /* API.swift in Sources */ = {isa = PBXBuildFile; fileRef = AC4C42772918111700E4036B /* API.swift */; };
		AC4C427A2918442A00E4036B /* FeedResponse.swift in Sources */ = {isa = PBXBuildFile; fileRef = AC4C42792918442A00E4036B /* FeedResponse.swift */; };
		AC4C427C29184A5400E4036B /* NetworkDataFetcher.swift in Sources */ = {isa = PBXBuildFile; fileRef = AC4C427B29184A5400E4036B /* NetworkDataFetcher.swift */; };
		AC4C427E29192F8A00E4036B /* FeedInteractor.swift in Sources */ = {isa = PBXBuildFile; fileRef = AC4C427D29192F8900E4036B /* FeedInteractor.swift */; };
		AC4C428029192FCE00E4036B /* FeedPresenter.swift in Sources */ = {isa = PBXBuildFile; fileRef = AC4C427F29192FCD00E4036B /* FeedPresenter.swift */; };
		AC4C42822919300600E4036B /* FeedModel.swift in Sources */ = {isa = PBXBuildFile; fileRef = AC4C42812919300500E4036B /* FeedModel.swift */; };
		AC4C42862919305C00E4036B /* FeedTableViewCell.swift in Sources */ = {isa = PBXBuildFile; fileRef = AC4C42842919305B00E4036B /* FeedTableViewCell.swift */; };
		AC4C42872919305C00E4036B /* FeedTableViewCell.xib in Resources */ = {isa = PBXBuildFile; fileRef = AC4C42852919305C00E4036B /* FeedTableViewCell.xib */; };
		AC4C428A291968F500E4036B /* WebImageView.swift in Sources */ = {isa = PBXBuildFile; fileRef = AC4C4289291968F400E4036B /* WebImageView.swift */; };
		AC7293FF291BE16C0087E5E2 /* GalleryCollectionView.swift in Sources */ = {isa = PBXBuildFile; fileRef = AC7293FE291BE16C0087E5E2 /* GalleryCollectionView.swift */; };
		AC729401291BE2DA0087E5E2 /* GalleryCVCell.swift in Sources */ = {isa = PBXBuildFile; fileRef = AC729400291BE2DA0087E5E2 /* GalleryCVCell.swift */; };
		AC729403291BF9590087E5E2 /* RowLayout.swift in Sources */ = {isa = PBXBuildFile; fileRef = AC729402291BF9590087E5E2 /* RowLayout.swift */; };
		AC729406291C31760087E5E2 /* TitleView.swift in Sources */ = {isa = PBXBuildFile; fileRef = AC729405291C31760087E5E2 /* TitleView.swift */; };
		AC729408291C33090087E5E2 /* SearchTextField.swift in Sources */ = {isa = PBXBuildFile; fileRef = AC729407291C33090087E5E2 /* SearchTextField.swift */; };
		AC72940B291C3E680087E5E2 /* UserResponse.swift in Sources */ = {isa = PBXBuildFile; fileRef = AC72940A291C3E680087E5E2 /* UserResponse.swift */; };
		AC72940E291D335E0087E5E2 /* FeedWorker.swift in Sources */ = {isa = PBXBuildFile; fileRef = AC72940D291D335D0087E5E2 /* FeedWorker.swift */; };
		AC729411291D49880087E5E2 /* FooterView.swift in Sources */ = {isa = PBXBuildFile; fileRef = AC729410291D49880087E5E2 /* FooterView.swift */; };
/* End PBXBuildFile section */

/* Begin PBXCopyFilesBuildPhase section */
		AC74689E2916E09A0032B85C /* Embed Frameworks */ = {
			isa = PBXCopyFilesBuildPhase;
			buildActionMask = 2147483647;
			dstPath = "";
			dstSubfolderSpec = 10;
			files = (
				AC4C42682917071100E4036B /* VKSdkFramework.xcframework in Embed Frameworks */,
			);
			name = "Embed Frameworks";
			runOnlyForDeploymentPostprocessing = 0;
		};
/* End PBXCopyFilesBuildPhase section */

/* Begin PBXFileReference section */
		AC061485291992400076B535 /* FeedCellLayoutCalculator.swift */ = {isa = PBXFileReference; lastKnownFileType = sourcecode.swift; path = FeedCellLayoutCalculator.swift; sourceTree = "<group>"; };
		AC0614872919A4730076B535 /* StringExtension.swift */ = {isa = PBXFileReference; lastKnownFileType = sourcecode.swift; path = StringExtension.swift; sourceTree = "<group>"; };
		AC06148B291A904B0076B535 /* FeedCodeTableViewCell.swift */ = {isa = PBXFileReference; lastKnownFileType = sourcecode.swift; path = FeedCodeTableViewCell.swift; sourceTree = "<group>"; };
		AC06148D291A97800076B535 /* Constraints.swift */ = {isa = PBXFileReference; lastKnownFileType = sourcecode.swift; path = Constraints.swift; sourceTree = "<group>"; };
		AC06148F291A9E540076B535 /* Constants.swift */ = {isa = PBXFileReference; lastKnownFileType = sourcecode.swift; path = Constants.swift; sourceTree = "<group>"; };
		AC14D2E52916C9D400C04D3C /* VkNewsFeed.app */ = {isa = PBXFileReference; explicitFileType = wrapper.application; includeInIndex = 0; path = VkNewsFeed.app; sourceTree = BUILT_PRODUCTS_DIR; };
		AC14D2E82916C9D400C04D3C /* AppDelegate.swift */ = {isa = PBXFileReference; lastKnownFileType = sourcecode.swift; path = AppDelegate.swift; sourceTree = "<group>"; };
		AC14D2EA2916C9D400C04D3C /* SceneDelegate.swift */ = {isa = PBXFileReference; lastKnownFileType = sourcecode.swift; path = SceneDelegate.swift; sourceTree = "<group>"; };
		AC14D2EC2916C9D400C04D3C /* AuthViewController.swift */ = {isa = PBXFileReference; lastKnownFileType = sourcecode.swift; path = AuthViewController.swift; sourceTree = "<group>"; };
		AC14D2F12916C9DA00C04D3C /* Assets.xcassets */ = {isa = PBXFileReference; lastKnownFileType = folder.assetcatalog; path = Assets.xcassets; sourceTree = "<group>"; };
		AC14D2F42916C9DA00C04D3C /* Base */ = {isa = PBXFileReference; lastKnownFileType = file.storyboard; name = Base; path = Base.lproj/LaunchScreen.storyboard; sourceTree = "<group>"; };
		AC14D2F62916C9DA00C04D3C /* Info.plist */ = {isa = PBXFileReference; lastKnownFileType = text.plist.xml; path = Info.plist; sourceTree = "<group>"; };
		AC4C42662917071000E4036B /* VKSdkFramework.xcframework */ = {isa = PBXFileReference; lastKnownFileType = wrapper.xcframework; name = VKSdkFramework.xcframework; path = Carthage/Build/VKSdkFramework.xcframework; sourceTree = "<group>"; };
		AC4C426A29170AE500E4036B /* AuthService.swift */ = {isa = PBXFileReference; lastKnownFileType = sourcecode.swift; path = AuthService.swift; sourceTree = "<group>"; };
		AC4C426C29170DDE00E4036B /* AuthVC.storyboard */ = {isa = PBXFileReference; lastKnownFileType = file.storyboard; path = AuthVC.storyboard; sourceTree = "<group>"; };
		AC4C42712918058000E4036B /* FeedViewController.swift */ = {isa = PBXFileReference; lastKnownFileType = sourcecode.swift; path = FeedViewController.swift; sourceTree = "<group>"; };
		AC4C4273291805A400E4036B /* FeedVC.storyboard */ = {isa = PBXFileReference; lastKnownFileType = file.storyboard; path = FeedVC.storyboard; sourceTree = "<group>"; };
		AC4C42752918106000E4036B /* NetworkService.swift */ = {isa = PBXFileReference; lastKnownFileType = sourcecode.swift; path = NetworkService.swift; sourceTree = "<group>"; };
		AC4C42772918111700E4036B /* API.swift */ = {isa = PBXFileReference; lastKnownFileType = sourcecode.swift; path = API.swift; sourceTree = "<group>"; };
		AC4C42792918442A00E4036B /* FeedResponse.swift */ = {isa = PBXFileReference; lastKnownFileType = sourcecode.swift; path = FeedResponse.swift; sourceTree = "<group>"; };
		AC4C427B29184A5400E4036B /* NetworkDataFetcher.swift */ = {isa = PBXFileReference; lastKnownFileType = sourcecode.swift; path = NetworkDataFetcher.swift; sourceTree = "<group>"; };
		AC4C427D29192F8900E4036B /* FeedInteractor.swift */ = {isa = PBXFileReference; lastKnownFileType = sourcecode.swift; path = FeedInteractor.swift; sourceTree = "<group>"; };
		AC4C427F29192FCD00E4036B /* FeedPresenter.swift */ = {isa = PBXFileReference; lastKnownFileType = sourcecode.swift; path = FeedPresenter.swift; sourceTree = "<group>"; };
		AC4C42812919300500E4036B /* FeedModel.swift */ = {isa = PBXFileReference; lastKnownFileType = sourcecode.swift; path = FeedModel.swift; sourceTree = "<group>"; };
		AC4C42842919305B00E4036B /* FeedTableViewCell.swift */ = {isa = PBXFileReference; lastKnownFileType = sourcecode.swift; path = FeedTableViewCell.swift; sourceTree = "<group>"; };
		AC4C42852919305C00E4036B /* FeedTableViewCell.xib */ = {isa = PBXFileReference; lastKnownFileType = file.xib; path = FeedTableViewCell.xib; sourceTree = "<group>"; };
		AC4C4289291968F400E4036B /* WebImageView.swift */ = {isa = PBXFileReference; lastKnownFileType = sourcecode.swift; path = WebImageView.swift; sourceTree = "<group>"; };
		AC7293FE291BE16C0087E5E2 /* GalleryCollectionView.swift */ = {isa = PBXFileReference; lastKnownFileType = sourcecode.swift; path = GalleryCollectionView.swift; sourceTree = "<group>"; };
		AC729400291BE2DA0087E5E2 /* GalleryCVCell.swift */ = {isa = PBXFileReference; lastKnownFileType = sourcecode.swift; path = GalleryCVCell.swift; sourceTree = "<group>"; };
		AC729402291BF9590087E5E2 /* RowLayout.swift */ = {isa = PBXFileReference; lastKnownFileType = sourcecode.swift; path = RowLayout.swift; sourceTree = "<group>"; };
		AC729405291C31760087E5E2 /* TitleView.swift */ = {isa = PBXFileReference; lastKnownFileType = sourcecode.swift; path = TitleView.swift; sourceTree = "<group>"; };
		AC729407291C33090087E5E2 /* SearchTextField.swift */ = {isa = PBXFileReference; lastKnownFileType = sourcecode.swift; path = SearchTextField.swift; sourceTree = "<group>"; };
		AC72940A291C3E680087E5E2 /* UserResponse.swift */ = {isa = PBXFileReference; lastKnownFileType = sourcecode.swift; path = UserResponse.swift; sourceTree = "<group>"; };
		AC72940D291D335D0087E5E2 /* FeedWorker.swift */ = {isa = PBXFileReference; lastKnownFileType = sourcecode.swift; path = FeedWorker.swift; sourceTree = "<group>"; };
		AC729410291D49880087E5E2 /* FooterView.swift */ = {isa = PBXFileReference; lastKnownFileType = sourcecode.swift; path = FooterView.swift; sourceTree = "<group>"; };
/* End PBXFileReference section */

/* Begin PBXFrameworksBuildPhase section */
		AC14D2E22916C9D400C04D3C /* Frameworks */ = {
			isa = PBXFrameworksBuildPhase;
			buildActionMask = 2147483647;
			files = (
				AC4C42672917071000E4036B /* VKSdkFramework.xcframework in Frameworks */,
			);
			runOnlyForDeploymentPostprocessing = 0;
		};
/* End PBXFrameworksBuildPhase section */

/* Begin PBXGroup section */
		AC14D2DC2916C9D400C04D3C = {
			isa = PBXGroup;
			children = (
				AC14D2E72916C9D400C04D3C /* VkNewsFeed */,
				AC14D2E62916C9D400C04D3C /* Products */,
				AC14D2FD2916CF0700C04D3C /* Frameworks */,
			);
			sourceTree = "<group>";
		};
		AC14D2E62916C9D400C04D3C /* Products */ = {
			isa = PBXGroup;
			children = (
				AC14D2E52916C9D400C04D3C /* VkNewsFeed.app */,
			);
			name = Products;
			sourceTree = "<group>";
		};
		AC14D2E72916C9D400C04D3C /* VkNewsFeed */ = {
			isa = PBXGroup;
			children = (
				AC14D2E82916C9D400C04D3C /* AppDelegate.swift */,
				AC14D2EA2916C9D400C04D3C /* SceneDelegate.swift */,
				AC4C426E2918050500E4036B /* AuthVC */,
				AC4C42702918055600E4036B /* FeedVC */,
				AC4C426929170ABF00E4036B /* Services */,
				AC4C4288291968BB00E4036B /* Helpers */,
				AC14D2F12916C9DA00C04D3C /* Assets.xcassets */,
				AC14D2F32916C9DA00C04D3C /* LaunchScreen.storyboard */,
				AC14D2F62916C9DA00C04D3C /* Info.plist */,
			);
			path = VkNewsFeed;
			sourceTree = "<group>";
		};
		AC14D2FD2916CF0700C04D3C /* Frameworks */ = {
			isa = PBXGroup;
			children = (
				AC4C42662917071000E4036B /* VKSdkFramework.xcframework */,
			);
			name = Frameworks;
			sourceTree = "<group>";
		};
		AC4C426929170ABF00E4036B /* Services */ = {
			isa = PBXGroup;
			children = (
				AC729409291C3E4C0087E5E2 /* Models */,
				AC4C426A29170AE500E4036B /* AuthService.swift */,
				AC4C42752918106000E4036B /* NetworkService.swift */,
				AC4C427B29184A5400E4036B /* NetworkDataFetcher.swift */,
				AC4C42772918111700E4036B /* API.swift */,
			);
			path = Services;
			sourceTree = "<group>";
		};
		AC4C426E2918050500E4036B /* AuthVC */ = {
			isa = PBXGroup;
			children = (
				AC14D2EC2916C9D400C04D3C /* AuthViewController.swift */,
				AC4C426C29170DDE00E4036B /* AuthVC.storyboard */,
			);
			path = AuthVC;
			sourceTree = "<group>";
		};
		AC4C42702918055600E4036B /* FeedVC */ = {
			isa = PBXGroup;
			children = (
				AC72940F291D496B0087E5E2 /* FooterView */,
				AC729404291C31480087E5E2 /* TitleView */,
				AC7293FB291BE0A10087E5E2 /* GalleryCollectionView */,
				AC4C42832919302200E4036B /* FeedCell */,
				AC4C42712918058000E4036B /* FeedViewController.swift */,
				AC4C427D29192F8900E4036B /* FeedInteractor.swift */,
				AC4C427F29192FCD00E4036B /* FeedPresenter.swift */,
				AC4C42812919300500E4036B /* FeedModel.swift */,
				AC72940D291D335D0087E5E2 /* FeedWorker.swift */,
				AC4C4273291805A400E4036B /* FeedVC.storyboard */,
			);
			path = FeedVC;
			sourceTree = "<group>";
		};
		AC4C42832919302200E4036B /* FeedCell */ = {
			isa = PBXGroup;
			children = (
				AC06148B291A904B0076B535 /* FeedCodeTableViewCell.swift */,
				AC061485291992400076B535 /* FeedCellLayoutCalculator.swift */,
				AC06148F291A9E540076B535 /* Constants.swift */,
				AC72940C291C60040087E5E2 /* CellViaXib */,
			);
			path = FeedCell;
			sourceTree = "<group>";
		};
		AC4C4288291968BB00E4036B /* Helpers */ = {
			isa = PBXGroup;
			children = (
				AC4C4289291968F400E4036B /* WebImageView.swift */,
				AC0614872919A4730076B535 /* StringExtension.swift */,
				AC06148D291A97800076B535 /* Constraints.swift */,
			);
			path = Helpers;
			sourceTree = "<group>";
		};
		AC7293FB291BE0A10087E5E2 /* GalleryCollectionView */ = {
			isa = PBXGroup;
			children = (
				AC7293FE291BE16C0087E5E2 /* GalleryCollectionView.swift */,
				AC729400291BE2DA0087E5E2 /* GalleryCVCell.swift */,
				AC729402291BF9590087E5E2 /* RowLayout.swift */,
			);
			path = GalleryCollectionView;
			sourceTree = "<group>";
		};
		AC729404291C31480087E5E2 /* TitleView */ = {
			isa = PBXGroup;
			children = (
				AC729405291C31760087E5E2 /* TitleView.swift */,
				AC729407291C33090087E5E2 /* SearchTextField.swift */,
			);
			path = TitleView;
			sourceTree = "<group>";
		};
		AC729409291C3E4C0087E5E2 /* Models */ = {
			isa = PBXGroup;
			children = (
				AC4C42792918442A00E4036B /* FeedResponse.swift */,
				AC72940A291C3E680087E5E2 /* UserResponse.swift */,
			);
			path = Models;
			sourceTree = "<group>";
		};
		AC72940C291C60040087E5E2 /* CellViaXib */ = {
			isa = PBXGroup;
			children = (
				AC4C42842919305B00E4036B /* FeedTableViewCell.swift */,
				AC4C42852919305C00E4036B /* FeedTableViewCell.xib */,
			);
			path = CellViaXib;
			sourceTree = "<group>";
		};
		AC72940F291D496B0087E5E2 /* FooterView */ = {
			isa = PBXGroup;
			children = (
				AC729410291D49880087E5E2 /* FooterView.swift */,
			);
			path = FooterView;
			sourceTree = "<group>";
		};
/* End PBXGroup section */

/* Begin PBXNativeTarget section */
		AC14D2E42916C9D400C04D3C /* VkNewsFeed */ = {
			isa = PBXNativeTarget;
			buildConfigurationList = AC14D2F92916C9DA00C04D3C /* Build configuration list for PBXNativeTarget "VkNewsFeed" */;
			buildPhases = (
				AC14D2E12916C9D400C04D3C /* Sources */,
				AC14D2E22916C9D400C04D3C /* Frameworks */,
				AC14D2E32916C9D400C04D3C /* Resources */,
				AC14D2FC2916CE1500C04D3C /* Run Script */,
				AC74689E2916E09A0032B85C /* Embed Frameworks */,
			);
			buildRules = (
			);
			dependencies = (
			);
			name = VkNewsFeed;
			productName = VkNewsFeed;
			productReference = AC14D2E52916C9D400C04D3C /* VkNewsFeed.app */;
			productType = "com.apple.product-type.application";
		};
/* End PBXNativeTarget section */

/* Begin PBXProject section */
		AC14D2DD2916C9D400C04D3C /* Project object */ = {
			isa = PBXProject;
			attributes = {
				BuildIndependentTargetsInParallel = 1;
				LastSwiftUpdateCheck = 1320;
				LastUpgradeCheck = 1320;
				TargetAttributes = {
					AC14D2E42916C9D400C04D3C = {
						CreatedOnToolsVersion = 13.2.1;
					};
				};
			};
			buildConfigurationList = AC14D2E02916C9D400C04D3C /* Build configuration list for PBXProject "VkNewsFeed" */;
			compatibilityVersion = "Xcode 13.0";
			developmentRegion = en;
			hasScannedForEncodings = 0;
			knownRegions = (
				en,
				Base,
			);
			mainGroup = AC14D2DC2916C9D400C04D3C;
			productRefGroup = AC14D2E62916C9D400C04D3C /* Products */;
			projectDirPath = "";
			projectRoot = "";
			targets = (
				AC14D2E42916C9D400C04D3C /* VkNewsFeed */,
			);
		};
/* End PBXProject section */

/* Begin PBXResourcesBuildPhase section */
		AC14D2E32916C9D400C04D3C /* Resources */ = {
			isa = PBXResourcesBuildPhase;
			buildActionMask = 2147483647;
			files = (
				AC14D2F52916C9DA00C04D3C /* LaunchScreen.storyboard in Resources */,
				AC4C42872919305C00E4036B /* FeedTableViewCell.xib in Resources */,
				AC4C4274291805A400E4036B /* FeedVC.storyboard in Resources */,
				AC14D2F22916C9DA00C04D3C /* Assets.xcassets in Resources */,
				AC4C426D29170DDE00E4036B /* AuthVC.storyboard in Resources */,
			);
			runOnlyForDeploymentPostprocessing = 0;
		};
/* End PBXResourcesBuildPhase section */

/* Begin PBXShellScriptBuildPhase section */
		AC14D2FC2916CE1500C04D3C /* Run Script */ = {
			isa = PBXShellScriptBuildPhase;
			buildActionMask = 2147483647;
			files = (
			);
			inputFileListPaths = (
			);
			inputPaths = (
			);
			name = "Run Script";
			outputFileListPaths = (
			);
			outputPaths = (
			);
			runOnlyForDeploymentPostprocessing = 0;
			shellPath = /bin/sh;
			shellScript = "/usr/local/bin/carthage copy-frameworks\n";
		};
/* End PBXShellScriptBuildPhase section */

/* Begin PBXSourcesBuildPhase section */
		AC14D2E12916C9D400C04D3C /* Sources */ = {
			isa = PBXSourcesBuildPhase;
			buildActionMask = 2147483647;
			files = (
				AC4C427A2918442A00E4036B /* FeedResponse.swift in Sources */,
				AC061490291A9E540076B535 /* Constants.swift in Sources */,
				AC14D2ED2916C9D400C04D3C /* AuthViewController.swift in Sources */,
				AC729411291D49880087E5E2 /* FooterView.swift in Sources */,
				AC14D2E92916C9D400C04D3C /* AppDelegate.swift in Sources */,
				AC729401291BE2DA0087E5E2 /* GalleryCVCell.swift in Sources */,
				AC06148C291A904B0076B535 /* FeedCodeTableViewCell.swift in Sources */,
				AC06148E291A97800076B535 /* Constraints.swift in Sources */,
				AC4C428A291968F500E4036B /* WebImageView.swift in Sources */,
				AC4C428029192FCE00E4036B /* FeedPresenter.swift in Sources */,
				AC4C42722918058000E4036B /* FeedViewController.swift in Sources */,
				AC72940B291C3E680087E5E2 /* UserResponse.swift in Sources */,
				AC72940E291D335E0087E5E2 /* FeedWorker.swift in Sources */,
				AC4C42862919305C00E4036B /* FeedTableViewCell.swift in Sources */,
				AC061486291992400076B535 /* FeedCellLayoutCalculator.swift in Sources */,
				AC729403291BF9590087E5E2 /* RowLayout.swift in Sources */,
				AC14D2EB2916C9D400C04D3C /* SceneDelegate.swift in Sources */,
				AC0614882919A4740076B535 /* StringExtension.swift in Sources */,
				AC729406291C31760087E5E2 /* TitleView.swift in Sources */,
				AC7293FF291BE16C0087E5E2 /* GalleryCollectionView.swift in Sources */,
				AC4C42762918106100E4036B /* NetworkService.swift in Sources */,
				AC4C42822919300600E4036B /* FeedModel.swift in Sources */,
				AC4C427E29192F8A00E4036B /* FeedInteractor.swift in Sources */,
				AC4C427C29184A5400E4036B /* NetworkDataFetcher.swift in Sources */,
				AC4C426B29170AE500E4036B /* AuthService.swift in Sources */,
				AC4C42782918111700E4036B /* API.swift in Sources */,
				AC729408291C33090087E5E2 /* SearchTextField.swift in Sources */,
			);
			runOnlyForDeploymentPostprocessing = 0;
		};
/* End PBXSourcesBuildPhase section */

/* Begin PBXVariantGroup section */
		AC14D2F32916C9DA00C04D3C /* LaunchScreen.storyboard */ = {
			isa = PBXVariantGroup;
			children = (
				AC14D2F42916C9DA00C04D3C /* Base */,
			);
			name = LaunchScreen.storyboard;
			sourceTree = "<group>";
		};
/* End PBXVariantGroup section */

/* Begin XCBuildConfiguration section */
		AC14D2F72916C9DA00C04D3C /* Debug */ = {
			isa = XCBuildConfiguration;
			buildSettings = {
				ALWAYS_SEARCH_USER_PATHS = NO;
				CLANG_ANALYZER_NONNULL = YES;
				CLANG_ANALYZER_NUMBER_OBJECT_CONVERSION = YES_AGGRESSIVE;
				CLANG_CXX_LANGUAGE_STANDARD = "gnu++17";
				CLANG_CXX_LIBRARY = "libc++";
				CLANG_ENABLE_MODULES = YES;
				CLANG_ENABLE_OBJC_ARC = YES;
				CLANG_ENABLE_OBJC_WEAK = YES;
				CLANG_WARN_BLOCK_CAPTURE_AUTORELEASING = YES;
				CLANG_WARN_BOOL_CONVERSION = YES;
				CLANG_WARN_COMMA = YES;
				CLANG_WARN_CONSTANT_CONVERSION = YES;
				CLANG_WARN_DEPRECATED_OBJC_IMPLEMENTATIONS = YES;
				CLANG_WARN_DIRECT_OBJC_ISA_USAGE = YES_ERROR;
				CLANG_WARN_DOCUMENTATION_COMMENTS = YES;
				CLANG_WARN_EMPTY_BODY = YES;
				CLANG_WARN_ENUM_CONVERSION = YES;
				CLANG_WARN_INFINITE_RECURSION = YES;
				CLANG_WARN_INT_CONVERSION = YES;
				CLANG_WARN_NON_LITERAL_NULL_CONVERSION = YES;
				CLANG_WARN_OBJC_IMPLICIT_RETAIN_SELF = YES;
				CLANG_WARN_OBJC_LITERAL_CONVERSION = YES;
				CLANG_WARN_OBJC_ROOT_CLASS = YES_ERROR;
				CLANG_WARN_QUOTED_INCLUDE_IN_FRAMEWORK_HEADER = YES;
				CLANG_WARN_RANGE_LOOP_ANALYSIS = YES;
				CLANG_WARN_STRICT_PROTOTYPES = YES;
				CLANG_WARN_SUSPICIOUS_MOVE = YES;
				CLANG_WARN_UNGUARDED_AVAILABILITY = YES_AGGRESSIVE;
				CLANG_WARN_UNREACHABLE_CODE = YES;
				CLANG_WARN__DUPLICATE_METHOD_MATCH = YES;
				COPY_PHASE_STRIP = NO;
				DEBUG_INFORMATION_FORMAT = dwarf;
				ENABLE_STRICT_OBJC_MSGSEND = YES;
				ENABLE_TESTABILITY = YES;
				GCC_C_LANGUAGE_STANDARD = gnu11;
				GCC_DYNAMIC_NO_PIC = NO;
				GCC_NO_COMMON_BLOCKS = YES;
				GCC_OPTIMIZATION_LEVEL = 0;
				GCC_PREPROCESSOR_DEFINITIONS = (
					"DEBUG=1",
					"$(inherited)",
				);
				GCC_WARN_64_TO_32_BIT_CONVERSION = YES;
				GCC_WARN_ABOUT_RETURN_TYPE = YES_ERROR;
				GCC_WARN_UNDECLARED_SELECTOR = YES;
				GCC_WARN_UNINITIALIZED_AUTOS = YES_AGGRESSIVE;
				GCC_WARN_UNUSED_FUNCTION = YES;
				GCC_WARN_UNUSED_VARIABLE = YES;
				IPHONEOS_DEPLOYMENT_TARGET = 15.2;
				MTL_ENABLE_DEBUG_INFO = INCLUDE_SOURCE;
				MTL_FAST_MATH = YES;
				ONLY_ACTIVE_ARCH = YES;
				SDKROOT = iphoneos;
				SWIFT_ACTIVE_COMPILATION_CONDITIONS = DEBUG;
				SWIFT_OPTIMIZATION_LEVEL = "-Onone";
			};
			name = Debug;
		};
		AC14D2F82916C9DA00C04D3C /* Release */ = {
			isa = XCBuildConfiguration;
			buildSettings = {
				ALWAYS_SEARCH_USER_PATHS = NO;
				CLANG_ANALYZER_NONNULL = YES;
				CLANG_ANALYZER_NUMBER_OBJECT_CONVERSION = YES_AGGRESSIVE;
				CLANG_CXX_LANGUAGE_STANDARD = "gnu++17";
				CLANG_CXX_LIBRARY = "libc++";
				CLANG_ENABLE_MODULES = YES;
				CLANG_ENABLE_OBJC_ARC = YES;
				CLANG_ENABLE_OBJC_WEAK = YES;
				CLANG_WARN_BLOCK_CAPTURE_AUTORELEASING = YES;
				CLANG_WARN_BOOL_CONVERSION = YES;
				CLANG_WARN_COMMA = YES;
				CLANG_WARN_CONSTANT_CONVERSION = YES;
				CLANG_WARN_DEPRECATED_OBJC_IMPLEMENTATIONS = YES;
				CLANG_WARN_DIRECT_OBJC_ISA_USAGE = YES_ERROR;
				CLANG_WARN_DOCUMENTATION_COMMENTS = YES;
				CLANG_WARN_EMPTY_BODY = YES;
				CLANG_WARN_ENUM_CONVERSION = YES;
				CLANG_WARN_INFINITE_RECURSION = YES;
				CLANG_WARN_INT_CONVERSION = YES;
				CLANG_WARN_NON_LITERAL_NULL_CONVERSION = YES;
				CLANG_WARN_OBJC_IMPLICIT_RETAIN_SELF = YES;
				CLANG_WARN_OBJC_LITERAL_CONVERSION = YES;
				CLANG_WARN_OBJC_ROOT_CLASS = YES_ERROR;
				CLANG_WARN_QUOTED_INCLUDE_IN_FRAMEWORK_HEADER = YES;
				CLANG_WARN_RANGE_LOOP_ANALYSIS = YES;
				CLANG_WARN_STRICT_PROTOTYPES = YES;
				CLANG_WARN_SUSPICIOUS_MOVE = YES;
				CLANG_WARN_UNGUARDED_AVAILABILITY = YES_AGGRESSIVE;
				CLANG_WARN_UNREACHABLE_CODE = YES;
				CLANG_WARN__DUPLICATE_METHOD_MATCH = YES;
				COPY_PHASE_STRIP = NO;
				DEBUG_INFORMATION_FORMAT = "dwarf-with-dsym";
				ENABLE_NS_ASSERTIONS = NO;
				ENABLE_STRICT_OBJC_MSGSEND = YES;
				GCC_C_LANGUAGE_STANDARD = gnu11;
				GCC_NO_COMMON_BLOCKS = YES;
				GCC_WARN_64_TO_32_BIT_CONVERSION = YES;
				GCC_WARN_ABOUT_RETURN_TYPE = YES_ERROR;
				GCC_WARN_UNDECLARED_SELECTOR = YES;
				GCC_WARN_UNINITIALIZED_AUTOS = YES_AGGRESSIVE;
				GCC_WARN_UNUSED_FUNCTION = YES;
				GCC_WARN_UNUSED_VARIABLE = YES;
				IPHONEOS_DEPLOYMENT_TARGET = 15.2;
				MTL_ENABLE_DEBUG_INFO = NO;
				MTL_FAST_MATH = YES;
				SDKROOT = iphoneos;
				SWIFT_COMPILATION_MODE = wholemodule;
				SWIFT_OPTIMIZATION_LEVEL = "-O";
				VALIDATE_PRODUCT = YES;
			};
			name = Release;
		};
		AC14D2FA2916C9DA00C04D3C /* Debug */ = {
			isa = XCBuildConfiguration;
			buildSettings = {
				ASSETCATALOG_COMPILER_APPICON_NAME = AppIcon;
				ASSETCATALOG_COMPILER_GLOBAL_ACCENT_COLOR_NAME = AccentColor;
				CODE_SIGN_STYLE = Automatic;
				CURRENT_PROJECT_VERSION = 1;
				DEVELOPMENT_TEAM = LQUTNLGWCF;
				FRAMEWORK_SEARCH_PATHS = (
					"$(inherited)",
					"$(PROJECT_DIR)/Carthage/Build/iOS",
				);
				GENERATE_INFOPLIST_FILE = YES;
				INFOPLIST_FILE = VkNewsFeed/Info.plist;
				INFOPLIST_KEY_UIApplicationSupportsIndirectInputEvents = YES;
				INFOPLIST_KEY_UILaunchStoryboardName = LaunchScreen;
				INFOPLIST_KEY_UISupportedInterfaceOrientations_iPad = "UIInterfaceOrientationPortrait UIInterfaceOrientationPortraitUpsideDown UIInterfaceOrientationLandscapeLeft UIInterfaceOrientationLandscapeRight";
				INFOPLIST_KEY_UISupportedInterfaceOrientations_iPhone = "UIInterfaceOrientationPortrait UIInterfaceOrientationLandscapeLeft UIInterfaceOrientationLandscapeRight";
				LD_RUNPATH_SEARCH_PATHS = (
					"$(inherited)",
					"@executable_path/Frameworks",
				);
				MARKETING_VERSION = 1.0;
				PRODUCT_BUNDLE_IDENTIFIER = artem.artem.VkNewsFeed;
				PRODUCT_NAME = "$(TARGET_NAME)";
				SWIFT_EMIT_LOC_STRINGS = YES;
				SWIFT_VERSION = 5.0;
				TARGETED_DEVICE_FAMILY = "1,2";
			};
			name = Debug;
		};
		AC14D2FB2916C9DA00C04D3C /* Release */ = {
			isa = XCBuildConfiguration;
			buildSettings = {
				ASSETCATALOG_COMPILER_APPICON_NAME = AppIcon;
				ASSETCATALOG_COMPILER_GLOBAL_ACCENT_COLOR_NAME = AccentColor;
				CODE_SIGN_STYLE = Automatic;
				CURRENT_PROJECT_VERSION = 1;
				DEVELOPMENT_TEAM = LQUTNLGWCF;
				FRAMEWORK_SEARCH_PATHS = (
					"$(inherited)",
					"$(PROJECT_DIR)/Carthage/Build/iOS",
				);
				GENERATE_INFOPLIST_FILE = YES;
				INFOPLIST_FILE = VkNewsFeed/Info.plist;
				INFOPLIST_KEY_UIApplicationSupportsIndirectInputEvents = YES;
				INFOPLIST_KEY_UILaunchStoryboardName = LaunchScreen;
				INFOPLIST_KEY_UISupportedInterfaceOrientations_iPad = "UIInterfaceOrientationPortrait UIInterfaceOrientationPortraitUpsideDown UIInterfaceOrientationLandscapeLeft UIInterfaceOrientationLandscapeRight";
				INFOPLIST_KEY_UISupportedInterfaceOrientations_iPhone = "UIInterfaceOrientationPortrait UIInterfaceOrientationLandscapeLeft UIInterfaceOrientationLandscapeRight";
				LD_RUNPATH_SEARCH_PATHS = (
					"$(inherited)",
					"@executable_path/Frameworks",
				);
				MARKETING_VERSION = 1.0;
				PRODUCT_BUNDLE_IDENTIFIER = artem.artem.VkNewsFeed;
				PRODUCT_NAME = "$(TARGET_NAME)";
				SWIFT_EMIT_LOC_STRINGS = YES;
				SWIFT_VERSION = 5.0;
				TARGETED_DEVICE_FAMILY = "1,2";
			};
			name = Release;
		};
/* End XCBuildConfiguration section */

/* Begin XCConfigurationList section */
		AC14D2E02916C9D400C04D3C /* Build configuration list for PBXProject "VkNewsFeed" */ = {
			isa = XCConfigurationList;
			buildConfigurations = (
				AC14D2F72916C9DA00C04D3C /* Debug */,
				AC14D2F82916C9DA00C04D3C /* Release */,
			);
			defaultConfigurationIsVisible = 0;
			defaultConfigurationName = Release;
		};
		AC14D2F92916C9DA00C04D3C /* Build configuration list for PBXNativeTarget "VkNewsFeed" */ = {
			isa = XCConfigurationList;
			buildConfigurations = (
				AC14D2FA2916C9DA00C04D3C /* Debug */,
				AC14D2FB2916C9DA00C04D3C /* Release */,
			);
			defaultConfigurationIsVisible = 0;
			defaultConfigurationName = Release;
		};
/* End XCConfigurationList section */
	};
	rootObject = AC14D2DD2916C9D400C04D3C /* Project object */;
}
